PODS:
  - Alamofire (4.4.0)
  - Koyomi (1.2.4)
  - Realm (2.4.4):
    - Realm/Headers (= 2.4.4)
  - Realm/Headers (2.4.4)
  - RealmSwift (2.4.4):
    - Realm (= 2.4.4)
  - RxCocoa (3.3.1):
    - RxSwift (~> 3.3)
  - RxDataSources (1.0.3):
    - RxCocoa (~> 3.0)
    - RxSwift (~> 3.0)
  - RxRealm (0.5.2):
    - RealmSwift (~> 2.4)
    - RxSwift (~> 3.1)
  - RxSwift (3.3.1)
  - SDWebImage (4.0.0):
    - SDWebImage/Core (= 4.0.0)
  - SDWebImage/Core (4.0.0)
  - SwiftyJSON (3.1.4)

DEPENDENCIES:
  - Alamofire
  - Koyomi
  - RealmSwift
  - RxCocoa (~> 3.0)
  - RxDataSources (~> 1.0)
  - RxRealm
  - RxSwift (~> 3.0)
  - SDWebImage
  - SwiftyJSON

SPEC CHECKSUMS:
  Alamofire: dc44b1600b800eb63da6a19039a0083d62a6a62d
  Koyomi: e028b378584ec90e257681bd255a3041ca109cc6
  Realm: 5a280a1f5a9a3c267bebf4f41ee47911137703d7
  RealmSwift: 0c02b9f2d4be4301c497ed10e53a0580584eb1dd
  RxCocoa: 7dcb7a1860fc9cd0e23dae67ab105fc2916670b6
  RxDataSources: a021a0e944ba5f7991259829d973afdbfa719c0b
  RxRealm: df024f04e64c3a9723dab63a6ec8621b3db6473f
  RxSwift: 8fc9f2de6275a9101d518444e00bf32f1a42caac
  SDWebImage: 76a6348bdc74eb5a55dd08a091ef298e56b55e41
  SwiftyJSON: c2842d878f95482ffceec5709abc3d05680c0220

PODFILE CHECKSUM: a124fa5d9a35cddd3abea43d5fcd86a855a24e9f

COCOAPODS: 1.2.0
